{
  "version": 4,
  "terraform_version": "1.4.6",
  "serial": 289,
  "lineage": "c8b1b698-ea00-de54-5363-0f2a6915fa18",
  "outputs": {},
  "resources": [
    {
      "mode": "managed",
      "type": "google_compute_address",
      "name": "static_ips",
      "provider": "provider[\"registry.terraform.io/hashicorp/google\"]",
      "instances": [
        {
          "index_key": 0,
          "schema_version": 0,
          "attributes": {
            "address": "35.192.70.100",
            "address_type": "EXTERNAL",
            "creation_timestamp": "2023-06-08T06:20:41.202-07:00",
            "description": "",
            "id": "projects/infraoptimize2023/regions/us-central1/addresses/static-ip-0",
            "name": "static-ip-0",
            "network": "",
            "network_tier": "PREMIUM",
            "prefix_length": 0,
            "project": "infraoptimize2023",
            "purpose": "",
            "region": "us-central1",
            "self_link": "https://www.googleapis.com/compute/v1/projects/infraoptimize2023/regions/us-central1/addresses/static-ip-0",
            "subnetwork": "",
            "timeouts": null,
            "users": []
          },
          "sensitive_attributes": [],
          "private": "eyJlMmJmYjczMC1lY2FhLTExZTYtOGY4OC0zNDM2M2JjN2M0YzAiOnsiY3JlYXRlIjoxMjAwMDAwMDAwMDAwLCJkZWxldGUiOjEyMDAwMDAwMDAwMDB9fQ=="
        },
        {
          "index_key": 1,
          "schema_version": 0,
          "attributes": {
            "address": "35.188.137.118",
            "address_type": "EXTERNAL",
            "creation_timestamp": "2023-06-08T06:20:41.183-07:00",
            "description": "",
            "id": "projects/infraoptimize2023/regions/us-central1/addresses/static-ip-1",
            "name": "static-ip-1",
            "network": "",
            "network_tier": "PREMIUM",
            "prefix_length": 0,
            "project": "infraoptimize2023",
            "purpose": "",
            "region": "us-central1",
            "self_link": "https://www.googleapis.com/compute/v1/projects/infraoptimize2023/regions/us-central1/addresses/static-ip-1",
            "subnetwork": "",
            "timeouts": null,
            "users": []
          },
          "sensitive_attributes": [],
          "private": "eyJlMmJmYjczMC1lY2FhLTExZTYtOGY4OC0zNDM2M2JjN2M0YzAiOnsiY3JlYXRlIjoxMjAwMDAwMDAwMDAwLCJkZWxldGUiOjEyMDAwMDAwMDAwMDB9fQ=="
        },
        {
          "index_key": 2,
          "schema_version": 0,
          "attributes": {
            "address": "34.123.80.159",
            "address_type": "EXTERNAL",
            "creation_timestamp": "2023-06-08T06:20:41.198-07:00",
            "description": "",
            "id": "projects/infraoptimize2023/regions/us-central1/addresses/static-ip-2",
            "name": "static-ip-2",
            "network": "",
            "network_tier": "PREMIUM",
            "prefix_length": 0,
            "project": "infraoptimize2023",
            "purpose": "",
            "region": "us-central1",
            "self_link": "https://www.googleapis.com/compute/v1/projects/infraoptimize2023/regions/us-central1/addresses/static-ip-2",
            "subnetwork": "",
            "timeouts": null,
            "users": []
          },
          "sensitive_attributes": [],
          "private": "eyJlMmJmYjczMC1lY2FhLTExZTYtOGY4OC0zNDM2M2JjN2M0YzAiOnsiY3JlYXRlIjoxMjAwMDAwMDAwMDAwLCJkZWxldGUiOjEyMDAwMDAwMDAwMDB9fQ=="
        }
      ]
    },
    {
      "mode": "managed",
      "type": "google_compute_backend_service",
      "name": "backend_service",
      "provider": "provider[\"registry.terraform.io/hashicorp/google\"]",
      "instances": [
        {
          "schema_version": 1,
          "attributes": {
            "affinity_cookie_ttl_sec": 0,
            "backend": [
              {
                "balancing_mode": "UTILIZATION",
                "capacity_scaler": 1,
                "description": "",
                "group": "https://www.googleapis.com/compute/v1/projects/infraoptimize2023/zones/us-central1-b/instanceGroups/my-vm-group",
                "max_connections": 0,
                "max_connections_per_endpoint": 0,
                "max_connections_per_instance": 0,
                "max_rate": 0,
                "max_rate_per_endpoint": 0,
                "max_rate_per_instance": 0,
                "max_utilization": 0
              }
            ],
            "cdn_policy": [],
            "circuit_breakers": [],
            "compression_mode": "",
            "connection_draining_timeout_sec": 300,
            "consistent_hash": [],
            "creation_timestamp": "2023-06-08T06:21:36.665-07:00",
            "custom_request_headers": null,
            "custom_response_headers": null,
            "description": "",
            "edge_security_policy": "",
            "enable_cdn": false,
            "fingerprint": "htiIeg68nQI=",
            "generated_id": 2379107114228149007,
            "health_checks": [
              "https://www.googleapis.com/compute/v1/projects/infraoptimize2023/global/httpHealthChecks/my-health-check"
            ],
            "iap": [],
            "id": "projects/infraoptimize2023/global/backendServices/my-backend-service",
            "load_balancing_scheme": "EXTERNAL",
            "locality_lb_policies": [],
            "locality_lb_policy": "",
            "log_config": [],
            "name": "my-backend-service",
            "outlier_detection": [],
            "port_name": "http",
            "project": "infraoptimize2023",
            "protocol": "HTTP",
            "security_policy": "",
            "security_settings": [],
            "self_link": "https://www.googleapis.com/compute/v1/projects/infraoptimize2023/global/backendServices/my-backend-service",
            "session_affinity": "NONE",
            "timeout_sec": 30,
            "timeouts": null
          },
          "sensitive_attributes": [],
          "private": "eyJlMmJmYjczMC1lY2FhLTExZTYtOGY4OC0zNDM2M2JjN2M0YzAiOnsiY3JlYXRlIjoxMjAwMDAwMDAwMDAwLCJkZWxldGUiOjEyMDAwMDAwMDAwMDAsInVwZGF0ZSI6MTIwMDAwMDAwMDAwMH0sInNjaGVtYV92ZXJzaW9uIjoiMSJ9",
          "dependencies": [
            "google_compute_address.static_ips",
            "google_compute_http_health_check.health_check",
            "google_compute_instance.vms",
            "google_compute_instance_group.vm_group"
          ]
        }
      ]
    },
    {
      "mode": "managed",
      "type": "google_compute_firewall",
      "name": "http",
      "provider": "provider[\"registry.terraform.io/hashicorp/google\"]",
      "instances": [
        {
          "schema_version": 1,
          "attributes": {
            "allow": [
              {
                "ports": [
                  "80"
                ],
                "protocol": "tcp"
              }
            ],
            "creation_timestamp": "2023-06-08T06:20:40.166-07:00",
            "deny": [],
            "description": "",
            "destination_ranges": [],
            "direction": "INGRESS",
            "disabled": false,
            "enable_logging": null,
            "id": "projects/infraoptimize2023/global/firewalls/allow-http",
            "log_config": [],
            "name": "allow-http",
            "network": "https://www.googleapis.com/compute/v1/projects/infraoptimize2023/global/networks/default",
            "priority": 1000,
            "project": "infraoptimize2023",
            "self_link": "https://www.googleapis.com/compute/v1/projects/infraoptimize2023/global/firewalls/allow-http",
            "source_ranges": null,
            "source_service_accounts": null,
            "source_tags": [
              "allow-http"
            ],
            "target_service_accounts": null,
            "target_tags": [
              "allow-http"
            ],
            "timeouts": null
          },
          "sensitive_attributes": [],
          "private": "eyJlMmJmYjczMC1lY2FhLTExZTYtOGY4OC0zNDM2M2JjN2M0YzAiOnsiY3JlYXRlIjoxMjAwMDAwMDAwMDAwLCJkZWxldGUiOjEyMDAwMDAwMDAwMDAsInVwZGF0ZSI6MTIwMDAwMDAwMDAwMH0sInNjaGVtYV92ZXJzaW9uIjoiMSJ9"
        }
      ]
    },
    {
      "mode": "managed",
      "type": "google_compute_firewall",
      "name": "https",
      "provider": "provider[\"registry.terraform.io/hashicorp/google\"]",
      "instances": [
        {
          "schema_version": 1,
          "attributes": {
            "allow": [
              {
                "ports": [
                  "443"
                ],
                "protocol": "tcp"
              }
            ],
            "creation_timestamp": "2023-06-08T06:20:40.216-07:00",
            "deny": [],
            "description": "",
            "destination_ranges": [],
            "direction": "INGRESS",
            "disabled": false,
            "enable_logging": null,
            "id": "projects/infraoptimize2023/global/firewalls/allow-https",
            "log_config": [],
            "name": "allow-https",
            "network": "https://www.googleapis.com/compute/v1/projects/infraoptimize2023/global/networks/default",
            "priority": 1000,
            "project": "infraoptimize2023",
            "self_link": "https://www.googleapis.com/compute/v1/projects/infraoptimize2023/global/firewalls/allow-https",
            "source_ranges": null,
            "source_service_accounts": null,
            "source_tags": [
              "allow-https"
            ],
            "target_service_accounts": null,
            "target_tags": [
              "allow-https"
            ],
            "timeouts": null
          },
          "sensitive_attributes": [],
          "private": "eyJlMmJmYjczMC1lY2FhLTExZTYtOGY4OC0zNDM2M2JjN2M0YzAiOnsiY3JlYXRlIjoxMjAwMDAwMDAwMDAwLCJkZWxldGUiOjEyMDAwMDAwMDAwMDAsInVwZGF0ZSI6MTIwMDAwMDAwMDAwMH0sInNjaGVtYV92ZXJzaW9uIjoiMSJ9"
        }
      ]
    },
    {
      "mode": "managed",
      "type": "google_compute_firewall",
      "name": "ssh",
      "provider": "provider[\"registry.terraform.io/hashicorp/google\"]",
      "instances": [
        {
          "schema_version": 1,
          "attributes": {
            "allow": [
              {
                "ports": [
                  "22"
                ],
                "protocol": "tcp"
              }
            ],
            "creation_timestamp": "2023-06-08T06:20:40.222-07:00",
            "deny": [],
            "description": "",
            "destination_ranges": [],
            "direction": "INGRESS",
            "disabled": false,
            "enable_logging": null,
            "id": "projects/infraoptimize2023/global/firewalls/allow-ssh",
            "log_config": [],
            "name": "allow-ssh",
            "network": "https://www.googleapis.com/compute/v1/projects/infraoptimize2023/global/networks/default",
            "priority": 1000,
            "project": "infraoptimize2023",
            "self_link": "https://www.googleapis.com/compute/v1/projects/infraoptimize2023/global/firewalls/allow-ssh",
            "source_ranges": null,
            "source_service_accounts": null,
            "source_tags": [
              "allow-ssh"
            ],
            "target_service_accounts": null,
            "target_tags": [
              "allow-ssh"
            ],
            "timeouts": null
          },
          "sensitive_attributes": [],
          "private": "eyJlMmJmYjczMC1lY2FhLTExZTYtOGY4OC0zNDM2M2JjN2M0YzAiOnsiY3JlYXRlIjoxMjAwMDAwMDAwMDAwLCJkZWxldGUiOjEyMDAwMDAwMDAwMDAsInVwZGF0ZSI6MTIwMDAwMDAwMDAwMH0sInNjaGVtYV92ZXJzaW9uIjoiMSJ9"
        }
      ]
    },
    {
      "mode": "managed",
      "type": "google_compute_global_forwarding_rule",
      "name": "forwarding_rule",
      "provider": "provider[\"registry.terraform.io/hashicorp/google\"]",
      "instances": [
        {
          "schema_version": 0,
          "attributes": {
            "base_forwarding_rule": "",
            "description": "",
            "id": "projects/infraoptimize2023/global/forwardingRules/my-forwarding-rule",
            "ip_address": "34.36.51.123",
            "ip_protocol": "TCP",
            "ip_version": "",
            "label_fingerprint": "42WmSpB8rSM=",
            "labels": null,
            "load_balancing_scheme": "EXTERNAL",
            "metadata_filters": [],
            "name": "my-forwarding-rule",
            "network": "",
            "port_range": "80-80",
            "project": "infraoptimize2023",
            "psc_connection_id": "",
            "psc_connection_status": "",
            "self_link": "https://www.googleapis.com/compute/v1/projects/infraoptimize2023/global/forwardingRules/my-forwarding-rule",
            "source_ip_ranges": null,
            "target": "https://www.googleapis.com/compute/v1/projects/infraoptimize2023/global/targetHttpProxies/my-http-proxy",
            "timeouts": null
          },
          "sensitive_attributes": [],
          "private": "eyJlMmJmYjczMC1lY2FhLTExZTYtOGY4OC0zNDM2M2JjN2M0YzAiOnsiY3JlYXRlIjoxMjAwMDAwMDAwMDAwLCJkZWxldGUiOjEyMDAwMDAwMDAwMDAsInVwZGF0ZSI6MTIwMDAwMDAwMDAwMH19",
          "dependencies": [
            "google_compute_address.static_ips",
            "google_compute_backend_service.backend_service",
            "google_compute_http_health_check.health_check",
            "google_compute_instance.vms",
            "google_compute_instance_group.vm_group",
            "google_compute_target_http_proxy.http_proxy",
            "google_compute_url_map.url_map"
          ]
        }
      ]
    },
    {
      "mode": "managed",
      "type": "google_compute_http_health_check",
      "name": "health_check",
      "provider": "provider[\"registry.terraform.io/hashicorp/google\"]",
      "instances": [
        {
          "schema_version": 0,
          "attributes": {
            "check_interval_sec": 5,
            "creation_timestamp": "2023-06-08T06:20:40.107-07:00",
            "description": "",
            "healthy_threshold": 2,
            "host": "",
            "id": "projects/infraoptimize2023/global/httpHealthChecks/my-health-check",
            "name": "my-health-check",
            "port": 80,
            "project": "infraoptimize2023",
            "request_path": "/",
            "self_link": "https://www.googleapis.com/compute/v1/projects/infraoptimize2023/global/httpHealthChecks/my-health-check",
            "timeout_sec": 5,
            "timeouts": null,
            "unhealthy_threshold": 2
          },
          "sensitive_attributes": [],
          "private": "eyJlMmJmYjczMC1lY2FhLTExZTYtOGY4OC0zNDM2M2JjN2M0YzAiOnsiY3JlYXRlIjoxMjAwMDAwMDAwMDAwLCJkZWxldGUiOjEyMDAwMDAwMDAwMDAsInVwZGF0ZSI6MTIwMDAwMDAwMDAwMH19"
        }
      ]
    },
    {
      "mode": "managed",
      "type": "google_compute_instance",
      "name": "vms",
      "provider": "provider[\"registry.terraform.io/hashicorp/google\"]",
      "instances": [
        {
          "index_key": 0,
          "schema_version": 6,
          "attributes": {
            "advanced_machine_features": [],
            "allow_stopping_for_update": null,
            "attached_disk": [],
            "boot_disk": [
              {
                "auto_delete": true,
                "device_name": "persistent-disk-0",
                "disk_encryption_key_raw": "",
                "disk_encryption_key_sha256": "",
                "initialize_params": [
                  {
                    "image": "https://www.googleapis.com/compute/v1/projects/ubuntu-os-cloud/global/images/ubuntu-1804-bionic-v20230605",
                    "labels": {},
                    "size": 10,
                    "type": "pd-standard"
                  }
                ],
                "kms_key_self_link": "",
                "mode": "READ_WRITE",
                "source": "https://www.googleapis.com/compute/v1/projects/infraoptimize2023/zones/us-central1-b/disks/instance-1"
              }
            ],
            "can_ip_forward": false,
            "confidential_instance_config": [],
            "cpu_platform": "Intel Cascade Lake",
            "current_status": "RUNNING",
            "deletion_protection": false,
            "description": "",
            "desired_status": null,
            "enable_display": false,
            "guest_accelerator": [],
            "hostname": "",
            "id": "projects/infraoptimize2023/zones/us-central1-b/instances/instance-1",
            "instance_id": "6425601378104404821",
            "label_fingerprint": "42WmSpB8rSM=",
            "labels": null,
            "machine_type": "n2-standard-2",
            "metadata": {
              "startup-script": "sudo apt-get update\r\n# Install Docker\r\nsudo wget https://raw.githubusercontent.com/lerndevops/labs/master/scripts/installDocker.sh -P /tmp\r\nsudo chmod 755 /tmp/installDocker.sh\r\nsudo bash /tmp/installDocker.sh\r\nsudo systemctl restart docker.service\r\n\r\n# Install CRI-Docker\r\nsudo wget https://raw.githubusercontent.com/lerndevops/labs/master/scripts/installCRIDockerd.sh -P /tmp\r\nsudo chmod 755 /tmp/installCRIDockerd.sh\r\nsudo bash /tmp/installCRIDockerd.sh\r\nsudo systemctl restart cri-docker.service\r\n\r\n# Install kubeadm, kubelet, kubectl\r\nsudo wget https://raw.githubusercontent.com/lerndevops/labs/master/scripts/installK8S.sh -P /tmp\r\nsudo chmod 755 /tmp/installK8S.sh\r\nsudo bash /tmp/installK8S.sh\r\n"
            },
            "metadata_fingerprint": "wbDfbAGL4h0=",
            "metadata_startup_script": null,
            "min_cpu_platform": "",
            "name": "instance-1",
            "network_interface": [
              {
                "access_config": [
                  {
                    "nat_ip": "35.192.70.100",
                    "network_tier": "PREMIUM",
                    "public_ptr_domain_name": ""
                  }
                ],
                "alias_ip_range": [],
                "ipv6_access_config": [],
                "ipv6_access_type": "",
                "name": "nic0",
                "network": "https://www.googleapis.com/compute/v1/projects/infraoptimize2023/global/networks/default",
                "network_ip": "10.128.0.39",
                "nic_type": "",
                "queue_count": 0,
                "stack_type": "IPV4_ONLY",
                "subnetwork": "https://www.googleapis.com/compute/v1/projects/infraoptimize2023/regions/us-central1/subnetworks/default",
                "subnetwork_project": "infraoptimize2023"
              }
            ],
            "network_performance_config": [],
            "project": "infraoptimize2023",
            "reservation_affinity": [],
            "resource_policies": null,
            "scheduling": [
              {
                "automatic_restart": true,
                "instance_termination_action": "",
                "min_node_cpus": 0,
                "node_affinities": [],
                "on_host_maintenance": "MIGRATE",
                "preemptible": false,
                "provisioning_model": "STANDARD"
              }
            ],
            "scratch_disk": [],
            "self_link": "https://www.googleapis.com/compute/v1/projects/infraoptimize2023/zones/us-central1-b/instances/instance-1",
            "service_account": [],
            "shielded_instance_config": [
              {
                "enable_integrity_monitoring": true,
                "enable_secure_boot": false,
                "enable_vtpm": true
              }
            ],
            "tags": null,
            "tags_fingerprint": "42WmSpB8rSM=",
            "timeouts": null,
            "zone": "us-central1-b"
          },
          "sensitive_attributes": [],
          "private": "eyJlMmJmYjczMC1lY2FhLTExZTYtOGY4OC0zNDM2M2JjN2M0YzAiOnsiY3JlYXRlIjoxMjAwMDAwMDAwMDAwLCJkZWxldGUiOjEyMDAwMDAwMDAwMDAsInVwZGF0ZSI6MTIwMDAwMDAwMDAwMH0sInNjaGVtYV92ZXJzaW9uIjoiNiJ9",
          "dependencies": [
            "google_compute_address.static_ips"
          ]
        },
        {
          "index_key": 1,
          "schema_version": 6,
          "attributes": {
            "advanced_machine_features": [],
            "allow_stopping_for_update": null,
            "attached_disk": [],
            "boot_disk": [
              {
                "auto_delete": true,
                "device_name": "persistent-disk-0",
                "disk_encryption_key_raw": "",
                "disk_encryption_key_sha256": "",
                "initialize_params": [
                  {
                    "image": "https://www.googleapis.com/compute/v1/projects/ubuntu-os-cloud/global/images/ubuntu-1804-bionic-v20230605",
                    "labels": {},
                    "size": 10,
                    "type": "pd-standard"
                  }
                ],
                "kms_key_self_link": "",
                "mode": "READ_WRITE",
                "source": "https://www.googleapis.com/compute/v1/projects/infraoptimize2023/zones/us-central1-b/disks/instance-2"
              }
            ],
            "can_ip_forward": false,
            "confidential_instance_config": [],
            "cpu_platform": "Intel Cascade Lake",
            "current_status": "RUNNING",
            "deletion_protection": false,
            "description": "",
            "desired_status": null,
            "enable_display": false,
            "guest_accelerator": [],
            "hostname": "",
            "id": "projects/infraoptimize2023/zones/us-central1-b/instances/instance-2",
            "instance_id": "1669942373673364310",
            "label_fingerprint": "42WmSpB8rSM=",
            "labels": null,
            "machine_type": "n2-standard-2",
            "metadata": {
              "startup-script": "sudo apt-get update\r\n# Install Docker\r\nsudo wget https://raw.githubusercontent.com/lerndevops/labs/master/scripts/installDocker.sh -P /tmp\r\nsudo chmod 755 /tmp/installDocker.sh\r\nsudo bash /tmp/installDocker.sh\r\nsudo systemctl restart docker.service\r\n\r\n# Install CRI-Docker\r\nsudo wget https://raw.githubusercontent.com/lerndevops/labs/master/scripts/installCRIDockerd.sh -P /tmp\r\nsudo chmod 755 /tmp/installCRIDockerd.sh\r\nsudo bash /tmp/installCRIDockerd.sh\r\nsudo systemctl restart cri-docker.service\r\n\r\n# Install kubeadm, kubelet, kubectl\r\nsudo wget https://raw.githubusercontent.com/lerndevops/labs/master/scripts/installK8S.sh -P /tmp\r\nsudo chmod 755 /tmp/installK8S.sh\r\nsudo bash /tmp/installK8S.sh\r\n"
            },
            "metadata_fingerprint": "wbDfbAGL4h0=",
            "metadata_startup_script": null,
            "min_cpu_platform": "",
            "name": "instance-2",
            "network_interface": [
              {
                "access_config": [
                  {
                    "nat_ip": "35.188.137.118",
                    "network_tier": "PREMIUM",
                    "public_ptr_domain_name": ""
                  }
                ],
                "alias_ip_range": [],
                "ipv6_access_config": [],
                "ipv6_access_type": "",
                "name": "nic0",
                "network": "https://www.googleapis.com/compute/v1/projects/infraoptimize2023/global/networks/default",
                "network_ip": "10.128.0.40",
                "nic_type": "",
                "queue_count": 0,
                "stack_type": "IPV4_ONLY",
                "subnetwork": "https://www.googleapis.com/compute/v1/projects/infraoptimize2023/regions/us-central1/subnetworks/default",
                "subnetwork_project": "infraoptimize2023"
              }
            ],
            "network_performance_config": [],
            "project": "infraoptimize2023",
            "reservation_affinity": [],
            "resource_policies": null,
            "scheduling": [
              {
                "automatic_restart": true,
                "instance_termination_action": "",
                "min_node_cpus": 0,
                "node_affinities": [],
                "on_host_maintenance": "MIGRATE",
                "preemptible": false,
                "provisioning_model": "STANDARD"
              }
            ],
            "scratch_disk": [],
            "self_link": "https://www.googleapis.com/compute/v1/projects/infraoptimize2023/zones/us-central1-b/instances/instance-2",
            "service_account": [],
            "shielded_instance_config": [
              {
                "enable_integrity_monitoring": true,
                "enable_secure_boot": false,
                "enable_vtpm": true
              }
            ],
            "tags": null,
            "tags_fingerprint": "42WmSpB8rSM=",
            "timeouts": null,
            "zone": "us-central1-b"
          },
          "sensitive_attributes": [],
          "private": "eyJlMmJmYjczMC1lY2FhLTExZTYtOGY4OC0zNDM2M2JjN2M0YzAiOnsiY3JlYXRlIjoxMjAwMDAwMDAwMDAwLCJkZWxldGUiOjEyMDAwMDAwMDAwMDAsInVwZGF0ZSI6MTIwMDAwMDAwMDAwMH0sInNjaGVtYV92ZXJzaW9uIjoiNiJ9",
          "dependencies": [
            "google_compute_address.static_ips"
          ]
        },
        {
          "index_key": 2,
          "schema_version": 6,
          "attributes": {
            "advanced_machine_features": [],
            "allow_stopping_for_update": null,
            "attached_disk": [],
            "boot_disk": [
              {
                "auto_delete": true,
                "device_name": "persistent-disk-0",
                "disk_encryption_key_raw": "",
                "disk_encryption_key_sha256": "",
                "initialize_params": [
                  {
                    "image": "https://www.googleapis.com/compute/v1/projects/ubuntu-os-cloud/global/images/ubuntu-1804-bionic-v20230605",
                    "labels": {},
                    "size": 10,
                    "type": "pd-standard"
                  }
                ],
                "kms_key_self_link": "",
                "mode": "READ_WRITE",
                "source": "https://www.googleapis.com/compute/v1/projects/infraoptimize2023/zones/us-central1-b/disks/instance-3"
              }
            ],
            "can_ip_forward": false,
            "confidential_instance_config": [],
            "cpu_platform": "Intel Cascade Lake",
            "current_status": "RUNNING",
            "deletion_protection": false,
            "description": "",
            "desired_status": null,
            "enable_display": false,
            "guest_accelerator": [],
            "hostname": "",
            "id": "projects/infraoptimize2023/zones/us-central1-b/instances/instance-3",
            "instance_id": "3144588483875334997",
            "label_fingerprint": "42WmSpB8rSM=",
            "labels": null,
            "machine_type": "n2-standard-2",
            "metadata": {
              "startup-script": "sudo apt-get update\r\n# Install Docker\r\nsudo wget https://raw.githubusercontent.com/lerndevops/labs/master/scripts/installDocker.sh -P /tmp\r\nsudo chmod 755 /tmp/installDocker.sh\r\nsudo bash /tmp/installDocker.sh\r\nsudo systemctl restart docker.service\r\n\r\n# Install CRI-Docker\r\nsudo wget https://raw.githubusercontent.com/lerndevops/labs/master/scripts/installCRIDockerd.sh -P /tmp\r\nsudo chmod 755 /tmp/installCRIDockerd.sh\r\nsudo bash /tmp/installCRIDockerd.sh\r\nsudo systemctl restart cri-docker.service\r\n\r\n# Install kubeadm, kubelet, kubectl\r\nsudo wget https://raw.githubusercontent.com/lerndevops/labs/master/scripts/installK8S.sh -P /tmp\r\nsudo chmod 755 /tmp/installK8S.sh\r\nsudo bash /tmp/installK8S.sh\r\n"
            },
            "metadata_fingerprint": "wbDfbAGL4h0=",
            "metadata_startup_script": null,
            "min_cpu_platform": "",
            "name": "instance-3",
            "network_interface": [
              {
                "access_config": [
                  {
                    "nat_ip": "34.123.80.159",
                    "network_tier": "PREMIUM",
                    "public_ptr_domain_name": ""
                  }
                ],
                "alias_ip_range": [],
                "ipv6_access_config": [],
                "ipv6_access_type": "",
                "name": "nic0",
                "network": "https://www.googleapis.com/compute/v1/projects/infraoptimize2023/global/networks/default",
                "network_ip": "10.128.0.41",
                "nic_type": "",
                "queue_count": 0,
                "stack_type": "IPV4_ONLY",
                "subnetwork": "https://www.googleapis.com/compute/v1/projects/infraoptimize2023/regions/us-central1/subnetworks/default",
                "subnetwork_project": "infraoptimize2023"
              }
            ],
            "network_performance_config": [],
            "project": "infraoptimize2023",
            "reservation_affinity": [],
            "resource_policies": null,
            "scheduling": [
              {
                "automatic_restart": true,
                "instance_termination_action": "",
                "min_node_cpus": 0,
                "node_affinities": [],
                "on_host_maintenance": "MIGRATE",
                "preemptible": false,
                "provisioning_model": "STANDARD"
              }
            ],
            "scratch_disk": [],
            "self_link": "https://www.googleapis.com/compute/v1/projects/infraoptimize2023/zones/us-central1-b/instances/instance-3",
            "service_account": [],
            "shielded_instance_config": [
              {
                "enable_integrity_monitoring": true,
                "enable_secure_boot": false,
                "enable_vtpm": true
              }
            ],
            "tags": null,
            "tags_fingerprint": "42WmSpB8rSM=",
            "timeouts": null,
            "zone": "us-central1-b"
          },
          "sensitive_attributes": [],
          "private": "eyJlMmJmYjczMC1lY2FhLTExZTYtOGY4OC0zNDM2M2JjN2M0YzAiOnsiY3JlYXRlIjoxMjAwMDAwMDAwMDAwLCJkZWxldGUiOjEyMDAwMDAwMDAwMDAsInVwZGF0ZSI6MTIwMDAwMDAwMDAwMH0sInNjaGVtYV92ZXJzaW9uIjoiNiJ9",
          "dependencies": [
            "google_compute_address.static_ips"
          ]
        }
      ]
    },
    {
      "mode": "managed",
      "type": "google_compute_instance_group",
      "name": "vm_group",
      "provider": "provider[\"registry.terraform.io/hashicorp/google\"]",
      "instances": [
        {
          "schema_version": 2,
          "attributes": {
            "description": "",
            "id": "projects/infraoptimize2023/zones/us-central1-b/instanceGroups/my-vm-group",
            "instances": [
              "https://www.googleapis.com/compute/v1/projects/infraoptimize2023/zones/us-central1-b/instances/instance-1",
              "https://www.googleapis.com/compute/v1/projects/infraoptimize2023/zones/us-central1-b/instances/instance-2",
              "https://www.googleapis.com/compute/v1/projects/infraoptimize2023/zones/us-central1-b/instances/instance-3"
            ],
            "name": "my-vm-group",
            "named_port": [],
            "network": "https://www.googleapis.com/compute/v1/projects/infraoptimize2023/global/networks/default",
            "project": "infraoptimize2023",
            "self_link": "https://www.googleapis.com/compute/v1/projects/infraoptimize2023/zones/us-central1-b/instanceGroups/my-vm-group",
            "size": 3,
            "timeouts": null,
            "zone": "us-central1-b"
          },
          "sensitive_attributes": [],
          "private": "eyJlMmJmYjczMC1lY2FhLTExZTYtOGY4OC0zNDM2M2JjN2M0YzAiOnsiY3JlYXRlIjozNjAwMDAwMDAwMDAsImRlbGV0ZSI6MzYwMDAwMDAwMDAwLCJ1cGRhdGUiOjM2MDAwMDAwMDAwMH0sInNjaGVtYV92ZXJzaW9uIjoiMiJ9",
          "dependencies": [
            "google_compute_address.static_ips",
            "google_compute_instance.vms"
          ]
        }
      ]
    },
    {
      "mode": "managed",
      "type": "google_compute_target_http_proxy",
      "name": "http_proxy",
      "provider": "provider[\"registry.terraform.io/hashicorp/google\"]",
      "instances": [
        {
          "schema_version": 0,
          "attributes": {
            "creation_timestamp": "2023-06-08T06:22:23.334-07:00",
            "description": "",
            "id": "projects/infraoptimize2023/global/targetHttpProxies/my-http-proxy",
            "name": "my-http-proxy",
            "project": "infraoptimize2023",
            "proxy_bind": false,
            "proxy_id": 2642890785639131360,
            "self_link": "https://www.googleapis.com/compute/v1/projects/infraoptimize2023/global/targetHttpProxies/my-http-proxy",
            "timeouts": null,
            "url_map": "https://www.googleapis.com/compute/v1/projects/infraoptimize2023/global/urlMaps/my-url-map"
          },
          "sensitive_attributes": [],
          "private": "eyJlMmJmYjczMC1lY2FhLTExZTYtOGY4OC0zNDM2M2JjN2M0YzAiOnsiY3JlYXRlIjoxMjAwMDAwMDAwMDAwLCJkZWxldGUiOjEyMDAwMDAwMDAwMDAsInVwZGF0ZSI6MTIwMDAwMDAwMDAwMH19",
          "dependencies": [
            "google_compute_address.static_ips",
            "google_compute_backend_service.backend_service",
            "google_compute_http_health_check.health_check",
            "google_compute_instance.vms",
            "google_compute_instance_group.vm_group",
            "google_compute_url_map.url_map"
          ]
        }
      ]
    },
    {
      "mode": "managed",
      "type": "google_compute_url_map",
      "name": "url_map",
      "provider": "provider[\"registry.terraform.io/hashicorp/google\"]",
      "instances": [
        {
          "schema_version": 0,
          "attributes": {
            "creation_timestamp": "2023-06-08T06:22:10.709-07:00",
            "default_route_action": [],
            "default_service": "https://www.googleapis.com/compute/v1/projects/infraoptimize2023/global/backendServices/my-backend-service",
            "default_url_redirect": [],
            "description": "",
            "fingerprint": "HCSTX3ntCr8=",
            "header_action": [],
            "host_rule": [],
            "id": "projects/infraoptimize2023/global/urlMaps/my-url-map",
            "map_id": 4780804241481296109,
            "name": "my-url-map",
            "path_matcher": [],
            "project": "infraoptimize2023",
            "self_link": "https://www.googleapis.com/compute/v1/projects/infraoptimize2023/global/urlMaps/my-url-map",
            "test": [],
            "timeouts": null
          },
          "sensitive_attributes": [],
          "private": "eyJlMmJmYjczMC1lY2FhLTExZTYtOGY4OC0zNDM2M2JjN2M0YzAiOnsiY3JlYXRlIjoxMjAwMDAwMDAwMDAwLCJkZWxldGUiOjEyMDAwMDAwMDAwMDAsInVwZGF0ZSI6MTIwMDAwMDAwMDAwMH19",
          "dependencies": [
            "google_compute_address.static_ips",
            "google_compute_backend_service.backend_service",
            "google_compute_http_health_check.health_check",
            "google_compute_instance.vms",
            "google_compute_instance_group.vm_group"
          ]
        }
      ]
    }
  ],
  "check_results": null
}
